{
  "name": "JavaScriptPagesTest",
  "lockfileVersion": 3,
  "requires": true,
  "packages": {
    "": {
      "dependencies": {
        "flatbuffers": "^24.3.25"
      }
    },
    "node_modules/flatbuffers": {
      "version": "24.3.25",
      "resolved": "https://registry.npmjs.org/flatbuffers/-/flatbuffers-24.3.25.tgz",
      "integrity": "sha512-3HDgPbgiwWMI9zVB7VYBHaMrbOO7Gm0v+yD2FV/sCKj+9NDeVL7BOBYUuhWAQGKWOzBo8S9WdMvV0eixO233XQ=="
    }
  }
}
